
Microsoft Visual Studio Solution File, Format Version 12.00
# Visual Studio Version 17
VisualStudioVersion = 17.3.32901.215
MinimumVisualStudioVersion = 10.0.40219.1
Project("{FAE04EC0-301F-11D3-BF4B-00C04F79EFBC}") = "arraylist form tasarımı-777", "arraylist form tasarımı-777\arraylist form tasarımı-777.csproj", "{48BEDF5E-F1C4-4DB8-958F-6D67056EE64A}"
EndProject
Global
	GlobalSection(SolutionConfigurationPlatforms) = preSolution
		Debug|Any CPU = Debug|Any CPU
		Release|Any CPU = Release|Any CPU
	EndGlobalSection
	GlobalSection(ProjectConfigurationPlatforms) = postSolution
		{48BEDF5E-F1C4-4DB8-958F-6D67056EE64A}.Debug|Any CPU.ActiveCfg = Debug|Any CPU
		{48BEDF5E-F1C4-4DB8-958F-6D67056EE64A}.Debug|Any CPU.Build.0 = Debug|Any CPU
		{48BEDF5E-F1C4-4DB8-958F-6D67056EE64A}.Release|Any CPU.ActiveCfg = Release|Any CPU
		{48BEDF5E-F1C4-4DB8-958F-6D67056EE64A}.Release|Any CPU.Build.0 = Release|Any CPU
	EndGlobalSection
	GlobalSection(SolutionProperties) = preSolution
		HideSolutionNode = FALSE
	EndGlobalSection
	GlobalSection(ExtensibilityGlobals) = postSolution
		SolutionGuid = {82B8F935-2C53-449B-8738-B2E9D19990F0}
	EndGlobalSection
EndGlobal
